Microsoft Visual Studio Solution File, Format Version 12.00
# Visual Studio 2013
VisualStudioVersion = 12.0.31101.0
MinimumVisualStudioVersion = 10.0.40219.1
Project("{FAE04EC0-301F-11D3-BF4B-00C04F79EFBC}") = "hesap_makinesi_normal", "hesap_makinesi_normal\hesap_makinesi_normal.csproj", "{761639D1-A349-4E1E-9F10-A9EE3A452329}"
EndProject
Global
	GlobalSection(SolutionConfigurationPlatforms) = preSolution
		Debug|Any CPU = Debug|Any CPU
		Release|Any CPU = Release|Any CPU
	EndGlobalSection
	GlobalSection(ProjectConfigurationPlatforms) = postSolution
		{761639D1-A349-4E1E-9F10-A9EE3A452329}.Debug|Any CPU.ActiveCfg = Debug|Any CPU
		{761639D1-A349-4E1E-9F10-A9EE3A452329}.Debug|Any CPU.Build.0 = Debug|Any CPU
		{761639D1-A349-4E1E-9F10-A9EE3A452329}.Release|Any CPU.ActiveCfg = Release|Any CPU
		{761639D1-A349-4E1E-9F10-A9EE3A452329}.Release|Any CPU.Build.0 = Release|Any CPU
	EndGlobalSection
	GlobalSection(SolutionProperties) = preSolution
		HideSolutionNode = FALSE
	EndGlobalSection
EndGlobal
